
Microsoft Visual Studio Solution File, Format Version 12.00
# Visual Studio Version 16
VisualStudioVersion = 16.0.31025.194
MinimumVisualStudioVersion = 10.0.40219.1
Project("{9A19103F-16F7-4668-BE54-9A1E7A4F7556}") = "JwtDemoApp", "src\JwtDemoApp\JwtDemoApp.csproj", "{3D3DF404-6042-4973-8FDD-18064830CB87}"
EndProject
Project("{9A19103F-16F7-4668-BE54-9A1E7A4F7556}") = "JwtDemoApp.Infrastructure", "src\JwtDemoApp.Infrastructure\JwtDemoApp.Infrastructure.csproj", "{D875C2DE-03E9-4919-999F-68F38906FB61}"
EndProject
Project("{9A19103F-16F7-4668-BE54-9A1E7A4F7556}") = "JwtDemoApp.Application", "src\JwtDemoApp.Application\JwtDemoApp.Application.csproj", "{D909612F-4313-4FDB-8446-CA866C0A0F02}"
EndProject
Project("{FAE04EC0-301F-11D3-BF4B-00C04F79EFBC}") = "JwTDemo.Infra.CrossCutting.IoC", "src\JwTDemo.Infra.CrossCutting.IoC\JwTDemo.Infra.CrossCutting.IoC.csproj", "{05EDE9EB-A575-4B3A-8717-62578FE298CA}"
EndProject
Project("{2150E333-8FDC-42A3-9474-1A3956D46DE8}") = "src", "src", "{E252E963-656E-48E4-AE75-D1051AA7D653}"
EndProject
Project("{2150E333-8FDC-42A3-9474-1A3956D46DE8}") = "tests", "tests", "{74D5B5AC-F17F-4743-A4E7-1EEC1563ADC8}"
EndProject
Project("{FAE04EC0-301F-11D3-BF4B-00C04F79EFBC}") = "JwtDemoApp.IntegrationTests", "tests\JwtDemoApp.IntegrationTests\JwtDemoApp.IntegrationTests.csproj", "{03123436-35E7-42AB-A538-F18E30ABEF6C}"
EndProject
Project("{FAE04EC0-301F-11D3-BF4B-00C04F79EFBC}") = "JwtDemoApp.Domain", "src\JwtDemoApp.Domain\JwtDemoApp.Domain.csproj", "{56F2319B-9AC4-4AD0-B67E-719FAA91E417}"
EndProject
Global
	GlobalSection(SolutionConfigurationPlatforms) = preSolution
		Debug|Any CPU = Debug|Any CPU
		Release|Any CPU = Release|Any CPU
	EndGlobalSection
	GlobalSection(ProjectConfigurationPlatforms) = postSolution
		{3D3DF404-6042-4973-8FDD-18064830CB87}.Debug|Any CPU.ActiveCfg = Debug|Any CPU
		{3D3DF404-6042-4973-8FDD-18064830CB87}.Debug|Any CPU.Build.0 = Debug|Any CPU
		{3D3DF404-6042-4973-8FDD-18064830CB87}.Release|Any CPU.ActiveCfg = Release|Any CPU
		{3D3DF404-6042-4973-8FDD-18064830CB87}.Release|Any CPU.Build.0 = Release|Any CPU
		{D875C2DE-03E9-4919-999F-68F38906FB61}.Debug|Any CPU.ActiveCfg = Debug|Any CPU
		{D875C2DE-03E9-4919-999F-68F38906FB61}.Debug|Any CPU.Build.0 = Debug|Any CPU
		{D875C2DE-03E9-4919-999F-68F38906FB61}.Release|Any CPU.ActiveCfg = Release|Any CPU
		{D875C2DE-03E9-4919-999F-68F38906FB61}.Release|Any CPU.Build.0 = Release|Any CPU
		{D909612F-4313-4FDB-8446-CA866C0A0F02}.Debug|Any CPU.ActiveCfg = Debug|Any CPU
		{D909612F-4313-4FDB-8446-CA866C0A0F02}.Debug|Any CPU.Build.0 = Debug|Any CPU
		{D909612F-4313-4FDB-8446-CA866C0A0F02}.Release|Any CPU.ActiveCfg = Release|Any CPU
		{D909612F-4313-4FDB-8446-CA866C0A0F02}.Release|Any CPU.Build.0 = Release|Any CPU
		{05EDE9EB-A575-4B3A-8717-62578FE298CA}.Debug|Any CPU.ActiveCfg = Debug|Any CPU
		{05EDE9EB-A575-4B3A-8717-62578FE298CA}.Debug|Any CPU.Build.0 = Debug|Any CPU
		{05EDE9EB-A575-4B3A-8717-62578FE298CA}.Release|Any CPU.ActiveCfg = Release|Any CPU
		{05EDE9EB-A575-4B3A-8717-62578FE298CA}.Release|Any CPU.Build.0 = Release|Any CPU
		{03123436-35E7-42AB-A538-F18E30ABEF6C}.Debug|Any CPU.ActiveCfg = Debug|Any CPU
		{03123436-35E7-42AB-A538-F18E30ABEF6C}.Debug|Any CPU.Build.0 = Debug|Any CPU
		{03123436-35E7-42AB-A538-F18E30ABEF6C}.Release|Any CPU.ActiveCfg = Release|Any CPU
		{03123436-35E7-42AB-A538-F18E30ABEF6C}.Release|Any CPU.Build.0 = Release|Any CPU
		{56F2319B-9AC4-4AD0-B67E-719FAA91E417}.Debug|Any CPU.ActiveCfg = Debug|Any CPU
		{56F2319B-9AC4-4AD0-B67E-719FAA91E417}.Debug|Any CPU.Build.0 = Debug|Any CPU
		{56F2319B-9AC4-4AD0-B67E-719FAA91E417}.Release|Any CPU.ActiveCfg = Release|Any CPU
		{56F2319B-9AC4-4AD0-B67E-719FAA91E417}.Release|Any CPU.Build.0 = Release|Any CPU
	EndGlobalSection
	GlobalSection(SolutionProperties) = preSolution
		HideSolutionNode = FALSE
	EndGlobalSection
	GlobalSection(NestedProjects) = preSolution
		{3D3DF404-6042-4973-8FDD-18064830CB87} = {E252E963-656E-48E4-AE75-D1051AA7D653}
		{D875C2DE-03E9-4919-999F-68F38906FB61} = {E252E963-656E-48E4-AE75-D1051AA7D653}
		{D909612F-4313-4FDB-8446-CA866C0A0F02} = {E252E963-656E-48E4-AE75-D1051AA7D653}
		{05EDE9EB-A575-4B3A-8717-62578FE298CA} = {E252E963-656E-48E4-AE75-D1051AA7D653}
		{03123436-35E7-42AB-A538-F18E30ABEF6C} = {74D5B5AC-F17F-4743-A4E7-1EEC1563ADC8}
		{56F2319B-9AC4-4AD0-B67E-719FAA91E417} = {E252E963-656E-48E4-AE75-D1051AA7D653}
	EndGlobalSection
	GlobalSection(ExtensibilityGlobals) = postSolution
		SolutionGuid = {7C3C77DE-5B93-4A8E-AA1C-BDC89908B7ED}
	EndGlobalSection
EndGlobal
