
Microsoft Visual Studio Solution File, Format Version 12.00
# Visual Studio Version 16
VisualStudioVersion = 16.0.31025.194
MinimumVisualStudioVersion = 10.0.40219.1
Project("{FAE04EC0-301F-11D3-BF4B-00C04F79EFBC}") = "JwtDemoApp", "JwtDemoApp/JwtDemoApp.csproj", "{3D3DF404-6042-4973-8FDD-18064830CB87}"
EndProject
Global
	GlobalSection(SolutionConfigurationPlatforms) = preSolution
		Debug|Any CPU = Debug|Any CPU
		Release|Any CPU = Release|Any CPU
	EndGlobalSection
	GlobalSection(ProjectConfigurationPlatforms) = postSolution
		{3D3DF404-6042-4973-8FDD-18064830CB87}.Debug|Any CPU.ActiveCfg = Debug|Any CPU
		{3D3DF404-6042-4973-8FDD-18064830CB87}.Debug|Any CPU.Build.0 = Debug|Any CPU
		{3D3DF404-6042-4973-8FDD-18064830CB87}.Release|Any CPU.ActiveCfg = Release|Any CPU
		{3D3DF404-6042-4973-8FDD-18064830CB87}.Release|Any CPU.Build.0 = Release|Any CPU
	EndGlobalSection
	GlobalSection(SolutionProperties) = preSolution
		HideSolutionNode = FALSE
	EndGlobalSection
	GlobalSection(ExtensibilityGlobals) = postSolution
		SolutionGuid = {7C3C77DE-5B93-4A8E-AA1C-BDC89908B7ED}
	EndGlobalSection
EndGlobal
