
Microsoft Visual Studio Solution File, Format Version 12.00
# Visual Studio Version 16
VisualStudioVersion = 16.0.31025.194
MinimumVisualStudioVersion = 10.0.40219.1
Project("{9A19103F-16F7-4668-BE54-9A1E7A4F7556}") = "JwtDemoApp", "JwtDemoApp\JwtDemoApp.csproj", "{3D3DF404-6042-4973-8FDD-18064830CB87}"
EndProject
Project("{FAE04EC0-301F-11D3-BF4B-00C04F79EFBC}") = "JwtDemoApp.Infrastructure", "JwtDemoApp.Infrastructure\JwtDemoApp.Infrastructure.csproj", "{D875C2DE-03E9-4919-999F-68F38906FB61}"
EndProject
Project("{FAE04EC0-301F-11D3-BF4B-00C04F79EFBC}") = "JwtDemoApp.Application", "JwtDemoApp.Application\JwtDemoApp.Application.csproj", "{D909612F-4313-4FDB-8446-CA866C0A0F02}"
EndProject
Global
	GlobalSection(SolutionConfigurationPlatforms) = preSolution
		Debug|Any CPU = Debug|Any CPU
		Release|Any CPU = Release|Any CPU
	EndGlobalSection
	GlobalSection(ProjectConfigurationPlatforms) = postSolution
		{3D3DF404-6042-4973-8FDD-18064830CB87}.Debug|Any CPU.ActiveCfg = Debug|Any CPU
		{3D3DF404-6042-4973-8FDD-18064830CB87}.Debug|Any CPU.Build.0 = Debug|Any CPU
		{3D3DF404-6042-4973-8FDD-18064830CB87}.Release|Any CPU.ActiveCfg = Release|Any CPU
		{3D3DF404-6042-4973-8FDD-18064830CB87}.Release|Any CPU.Build.0 = Release|Any CPU
		{D875C2DE-03E9-4919-999F-68F38906FB61}.Debug|Any CPU.ActiveCfg = Debug|Any CPU
		{D875C2DE-03E9-4919-999F-68F38906FB61}.Debug|Any CPU.Build.0 = Debug|Any CPU
		{D875C2DE-03E9-4919-999F-68F38906FB61}.Release|Any CPU.ActiveCfg = Release|Any CPU
		{D875C2DE-03E9-4919-999F-68F38906FB61}.Release|Any CPU.Build.0 = Release|Any CPU
		{D909612F-4313-4FDB-8446-CA866C0A0F02}.Debug|Any CPU.ActiveCfg = Debug|Any CPU
		{D909612F-4313-4FDB-8446-CA866C0A0F02}.Debug|Any CPU.Build.0 = Debug|Any CPU
		{D909612F-4313-4FDB-8446-CA866C0A0F02}.Release|Any CPU.ActiveCfg = Release|Any CPU
		{D909612F-4313-4FDB-8446-CA866C0A0F02}.Release|Any CPU.Build.0 = Release|Any CPU
	EndGlobalSection
	GlobalSection(SolutionProperties) = preSolution
		HideSolutionNode = FALSE
	EndGlobalSection
	GlobalSection(ExtensibilityGlobals) = postSolution
		SolutionGuid = {7C3C77DE-5B93-4A8E-AA1C-BDC89908B7ED}
	EndGlobalSection
EndGlobal
